PackratFormat: 1.4
PackratVersion: 0.4.4
RVersion: 3.2.1
Repos: CRAN=https://cran.rstudio.com/,
    CRANextra=http://www.stats.ox.ac.uk/pub/RWin

Package: NLP
Source: CRAN
Version: 0.1-8
Hash: 06fece1966c1a9ff581c6806c0dac7dc

Package: RColorBrewer
Source: CRAN
Version: 1.1-2
Hash: c0d56cd15034f395874c870141870c25

Package: Rcpp
Source: CRAN
Version: 0.12.0
Hash: 9cad2f0525579d98b5ec2536febaf0da

Package: SnowballC
Source: CRAN
Version: 0.5.1
Hash: 6f14c834eea7672f25b83d9ba35b85ca

Package: packrat
Source: CRAN
Version: 0.4.4
Hash: aed7d17407538df551a57caf6289c8bf

Package: slam
Source: CRAN
Version: 0.1-32
Hash: bc3501cd4badda02e5be7837847c887d

Package: stringi
Source: CRAN
Version: 0.5-5
Hash: e7c67668a472e26e0c95bc8fa9049198

Package: tm
Source: CRAN
Version: 0.6-2
Hash: 69b73ead3c7aeddd2b2cab86c80ee85c
Requires: NLP, slam

Package: wordcloud
Source: CRAN
Version: 2.5
Hash: e5c3c9143a41b5c40506eccbd773baae
Requires: RColorBrewer, Rcpp, slam
